
Microsoft Visual Studio Solution File, Format Version 12.00
Project("{FAE04EC0-301F-11D3-BF4B-00C04F79EFBC}") = "Mnożenie", "Mnożenie\Mnożenie.csproj", "{67ADEF4F-4589-4821-B9A9-C5417E620E68}"
EndProject
Project("{2150E333-8FDC-42A3-9474-1A3956D46DE8}") = "Solution Items", "Solution Items", "{4872A6FF-5548-4714-82F6-4B5F5B8D36B0}"
	ProjectSection(SolutionItems) = preProject
		compose.yaml = compose.yaml
	EndProjectSection
EndProject
Global
	GlobalSection(SolutionConfigurationPlatforms) = preSolution
		Debug|Any CPU = Debug|Any CPU
		Release|Any CPU = Release|Any CPU
	EndGlobalSection
	GlobalSection(ProjectConfigurationPlatforms) = postSolution
		{67ADEF4F-4589-4821-B9A9-C5417E620E68}.Debug|Any CPU.ActiveCfg = Debug|Any CPU
		{67ADEF4F-4589-4821-B9A9-C5417E620E68}.Debug|Any CPU.Build.0 = Debug|Any CPU
		{67ADEF4F-4589-4821-B9A9-C5417E620E68}.Release|Any CPU.ActiveCfg = Release|Any CPU
		{67ADEF4F-4589-4821-B9A9-C5417E620E68}.Release|Any CPU.Build.0 = Release|Any CPU
	EndGlobalSection
EndGlobal
